
Microsoft Visual Studio Solution File, Format Version 12.00
# Visual Studio Version 16
VisualStudioVersion = 16.0.31702.278
MinimumVisualStudioVersion = 10.0.40219.1
Project("{FAE04EC0-301F-11D3-BF4B-00C04F79EFBC}") = "ManejoExcepciones", "ManejoExcepciones.csproj", "{884E65C6-9918-4BE1-A68F-9DD0F2BB5527}"
EndProject
Global
	GlobalSection(SolutionConfigurationPlatforms) = preSolution
		Debug|Any CPU = Debug|Any CPU
		Release|Any CPU = Release|Any CPU
	EndGlobalSection
	GlobalSection(ProjectConfigurationPlatforms) = postSolution
		{884E65C6-9918-4BE1-A68F-9DD0F2BB5527}.Debug|Any CPU.ActiveCfg = Debug|Any CPU
		{884E65C6-9918-4BE1-A68F-9DD0F2BB5527}.Debug|Any CPU.Build.0 = Debug|Any CPU
		{884E65C6-9918-4BE1-A68F-9DD0F2BB5527}.Release|Any CPU.ActiveCfg = Release|Any CPU
		{884E65C6-9918-4BE1-A68F-9DD0F2BB5527}.Release|Any CPU.Build.0 = Release|Any CPU
	EndGlobalSection
	GlobalSection(SolutionProperties) = preSolution
		HideSolutionNode = FALSE
	EndGlobalSection
	GlobalSection(ExtensibilityGlobals) = postSolution
		SolutionGuid = {DB15BC50-5F37-4232-8208-0681DC0B11DF}
	EndGlobalSection
EndGlobal
